{
  "name": "hello-express",
  "version": "0.0.1",
  "lockfileVersion": 1,
  "requires": true,
  "dependencies": {
    "croxydb": {
      "version": "0.0.7",
      "resolved": "https://registry.npmjs.org/croxydb/-/croxydb-0.0.7.tgz",
      "integrity": "sha512-Mjp0mnxT8DLtxQZogGDLBq+f1swu0UJqK4Xw4hN5T4RoA8HvPKCs0GmA6EapETrVW2e1hPOX2YMvKZr426yu4w=="
    }
  }
}
